Microsoft Visual Studio Solution File, Format Version 12.00
# Visual Studio Version 17
VisualStudioVersion = 17.5.2.0
MinimumVisualStudioVersion = 10.0.40219.1
Project("{FAE04EC0-301F-11D3-BF4B-00C04F79EFBC}") = "consolemain", "consolemain\consolemain.csproj", "{0F860474-6956-BF2B-1293-52E4A84F1353}"
EndProject
Global
	GlobalSection(SolutionConfigurationPlatforms) = preSolution
		Debug|Any CPU = Debug|Any CPU
		Release|Any CPU = Release|Any CPU
	EndGlobalSection
	GlobalSection(ProjectConfigurationPlatforms) = postSolution
		{0F860474-6956-BF2B-1293-52E4A84F1353}.Debug|Any CPU.ActiveCfg = Debug|Any CPU
		{0F860474-6956-BF2B-1293-52E4A84F1353}.Debug|Any CPU.Build.0 = Debug|Any CPU
		{0F860474-6956-BF2B-1293-52E4A84F1353}.Release|Any CPU.ActiveCfg = Release|Any CPU
		{0F860474-6956-BF2B-1293-52E4A84F1353}.Release|Any CPU.Build.0 = Release|Any CPU
	EndGlobalSection
	GlobalSection(SolutionProperties) = preSolution
		HideSolutionNode = FALSE
	EndGlobalSection
	GlobalSection(ExtensibilityGlobals) = postSolution
		SolutionGuid = {2BF3D073-2A0D-420B-AA9B-258CC9C5A2D6}
	EndGlobalSection
EndGlobal
